
Microsoft Visual Studio Solution File, Format Version 12.00
# Visual Studio Version 17
VisualStudioVersion = 17.0.31903.59
MinimumVisualStudioVersion = 10.0.40219.1
Project("{2150E333-8FDC-42A3-9474-1A3956D46DE8}") = "src", "src", "{827E0CD3-B72D-47B6-A68D-7590B98EB39B}"
EndProject
Project("{FAE04EC0-301F-11D3-BF4B-00C04F79EFBC}") = "WebAPI_Empresas.Api", "src\WebAPI_Empresas.Api\WebAPI_Empresas.Api.csproj", "{0FF4AEAA-755F-4885-B229-694837DAB923}"
EndProject
Project("{FAE04EC0-301F-11D3-BF4B-00C04F79EFBC}") = "WebAPI_Empresas.Application", "src\WebAPI_Empresas.Application\WebAPI_Empresas.Application.csproj", "{715828DF-60BC-4022-908E-18A965B7B52E}"
EndProject
Project("{FAE04EC0-301F-11D3-BF4B-00C04F79EFBC}") = "WebAPI_Empresas.Domain", "src\WebAPI_Empresas.Domain\WebAPI_Empresas.Domain.csproj", "{00F98648-C27D-4216-A859-5148E61D6922}"
EndProject
Project("{FAE04EC0-301F-11D3-BF4B-00C04F79EFBC}") = "WebAPI_Empresas.Infrastructure", "src\WebAPI_Empresas.Infrastructure\WebAPI_Empresas.Infrastructure.csproj", "{15C0208C-F7D7-4457-AB1D-94FA47D1BC5B}"
EndProject
Project("{2150E333-8FDC-42A3-9474-1A3956D46DE8}") = "tests", "tests", "{0AB3BF05-4346-4AA6-1389-037BE0695223}"
EndProject
Project("{FAE04EC0-301F-11D3-BF4B-00C04F79EFBC}") = "WebAPI_Empresas.Tests", "tests\WebAPI_Empresas.Tests\WebAPI_Empresas.Tests.csproj", "{5F7F021D-2982-477B-80A6-25F2E5AFC7E5}"
EndProject
Project("{FAE04EC0-301F-11D3-BF4B-00C04F79EFBC}") = "WebAPI_Empresas.CnpjRegistry.Api", "src\WebAPI_Empresas.CnpjRegistry.Api\WebAPI_Empresas.CnpjRegistry.Api.csproj", "{FABD50C1-6836-4B65-9448-98ED605123E6}"
EndProject
Project("{FAE04EC0-301F-11D3-BF4B-00C04F79EFBC}") = "WebAPI_Empresas.CnpjRegistry.Application", "src\WebAPI_Empresas.CnpjRegistry.Application\WebAPI_Empresas.CnpjRegistry.Application.csproj", "{A60B4ADF-90AC-42E7-9D41-98D87482B64A}"
EndProject
Project("{FAE04EC0-301F-11D3-BF4B-00C04F79EFBC}") = "WebAPI_Empresas.CnpjRegistry.Domain", "src\WebAPI_Empresas.CnpjRegistry.Domain\WebAPI_Empresas.CnpjRegistry.Domain.csproj", "{082BF3F2-07E7-4A1D-AB00-C5420FF06517}"
EndProject
Project("{FAE04EC0-301F-11D3-BF4B-00C04F79EFBC}") = "WebAPI_Empresas.CnpjRegistry.Infrastructure", "src\WebAPI_Empresas.CnpjRegistry.Infrastructure\WebAPI_Empresas.CnpjRegistry.Infrastructure.csproj", "{8647923B-E5E2-45AF-91F6-87F3687285A5}"
EndProject
Project("{FAE04EC0-301F-11D3-BF4B-00C04F79EFBC}") = "WebAPI_Empresas.CnpjRegistry.Tests", "tests\WebAPI_Empresas.CnpjRegistry.Tests\WebAPI_Empresas.CnpjRegistry.Tests.csproj", "{0959942E-479F-406B-8162-495C72AA1054}"
EndProject
Global
	GlobalSection(SolutionConfigurationPlatforms) = preSolution
		Debug|Any CPU = Debug|Any CPU
		Debug|x64 = Debug|x64
		Debug|x86 = Debug|x86
		Release|Any CPU = Release|Any CPU
		Release|x64 = Release|x64
		Release|x86 = Release|x86
	EndGlobalSection
	GlobalSection(ProjectConfigurationPlatforms) = postSolution
		{0FF4AEAA-755F-4885-B229-694837DAB923}.Debug|Any CPU.ActiveCfg = Debug|Any CPU
		{0FF4AEAA-755F-4885-B229-694837DAB923}.Debug|Any CPU.Build.0 = Debug|Any CPU
		{0FF4AEAA-755F-4885-B229-694837DAB923}.Debug|x64.ActiveCfg = Debug|Any CPU
		{0FF4AEAA-755F-4885-B229-694837DAB923}.Debug|x64.Build.0 = Debug|Any CPU
		{0FF4AEAA-755F-4885-B229-694837DAB923}.Debug|x86.ActiveCfg = Debug|Any CPU
		{0FF4AEAA-755F-4885-B229-694837DAB923}.Debug|x86.Build.0 = Debug|Any CPU
		{0FF4AEAA-755F-4885-B229-694837DAB923}.Release|Any CPU.ActiveCfg = Release|Any CPU
		{0FF4AEAA-755F-4885-B229-694837DAB923}.Release|Any CPU.Build.0 = Release|Any CPU
		{0FF4AEAA-755F-4885-B229-694837DAB923}.Release|x64.ActiveCfg = Release|Any CPU
		{0FF4AEAA-755F-4885-B229-694837DAB923}.Release|x64.Build.0 = Release|Any CPU
		{0FF4AEAA-755F-4885-B229-694837DAB923}.Release|x86.ActiveCfg = Release|Any CPU
		{0FF4AEAA-755F-4885-B229-694837DAB923}.Release|x86.Build.0 = Release|Any CPU
		{715828DF-60BC-4022-908E-18A965B7B52E}.Debug|Any CPU.ActiveCfg = Debug|Any CPU
		{715828DF-60BC-4022-908E-18A965B7B52E}.Debug|Any CPU.Build.0 = Debug|Any CPU
		{715828DF-60BC-4022-908E-18A965B7B52E}.Debug|x64.ActiveCfg = Debug|Any CPU
		{715828DF-60BC-4022-908E-18A965B7B52E}.Debug|x64.Build.0 = Debug|Any CPU
		{715828DF-60BC-4022-908E-18A965B7B52E}.Debug|x86.ActiveCfg = Debug|Any CPU
		{715828DF-60BC-4022-908E-18A965B7B52E}.Debug|x86.Build.0 = Debug|Any CPU
		{715828DF-60BC-4022-908E-18A965B7B52E}.Release|Any CPU.ActiveCfg = Release|Any CPU
		{715828DF-60BC-4022-908E-18A965B7B52E}.Release|Any CPU.Build.0 = Release|Any CPU
		{715828DF-60BC-4022-908E-18A965B7B52E}.Release|x64.ActiveCfg = Release|Any CPU
		{715828DF-60BC-4022-908E-18A965B7B52E}.Release|x64.Build.0 = Release|Any CPU
		{715828DF-60BC-4022-908E-18A965B7B52E}.Release|x86.ActiveCfg = Release|Any CPU
		{715828DF-60BC-4022-908E-18A965B7B52E}.Release|x86.Build.0 = Release|Any CPU
		{00F98648-C27D-4216-A859-5148E61D6922}.Debug|Any CPU.ActiveCfg = Debug|Any CPU
		{00F98648-C27D-4216-A859-5148E61D6922}.Debug|Any CPU.Build.0 = Debug|Any CPU
		{00F98648-C27D-4216-A859-5148E61D6922}.Debug|x64.ActiveCfg = Debug|Any CPU
		{00F98648-C27D-4216-A859-5148E61D6922}.Debug|x64.Build.0 = Debug|Any CPU
		{00F98648-C27D-4216-A859-5148E61D6922}.Debug|x86.ActiveCfg = Debug|Any CPU
		{00F98648-C27D-4216-A859-5148E61D6922}.Debug|x86.Build.0 = Debug|Any CPU
		{00F98648-C27D-4216-A859-5148E61D6922}.Release|Any CPU.ActiveCfg = Release|Any CPU
		{00F98648-C27D-4216-A859-5148E61D6922}.Release|Any CPU.Build.0 = Release|Any CPU
		{00F98648-C27D-4216-A859-5148E61D6922}.Release|x64.ActiveCfg = Release|Any CPU
		{00F98648-C27D-4216-A859-5148E61D6922}.Release|x64.Build.0 = Release|Any CPU
		{00F98648-C27D-4216-A859-5148E61D6922}.Release|x86.ActiveCfg = Release|Any CPU
		{00F98648-C27D-4216-A859-5148E61D6922}.Release|x86.Build.0 = Release|Any CPU
		{15C0208C-F7D7-4457-AB1D-94FA47D1BC5B}.Debug|Any CPU.ActiveCfg = Debug|Any CPU
		{15C0208C-F7D7-4457-AB1D-94FA47D1BC5B}.Debug|Any CPU.Build.0 = Debug|Any CPU
		{15C0208C-F7D7-4457-AB1D-94FA47D1BC5B}.Debug|x64.ActiveCfg = Debug|Any CPU
		{15C0208C-F7D7-4457-AB1D-94FA47D1BC5B}.Debug|x64.Build.0 = Debug|Any CPU
		{15C0208C-F7D7-4457-AB1D-94FA47D1BC5B}.Debug|x86.ActiveCfg = Debug|Any CPU
		{15C0208C-F7D7-4457-AB1D-94FA47D1BC5B}.Debug|x86.Build.0 = Debug|Any CPU
		{15C0208C-F7D7-4457-AB1D-94FA47D1BC5B}.Release|Any CPU.ActiveCfg = Release|Any CPU
		{15C0208C-F7D7-4457-AB1D-94FA47D1BC5B}.Release|Any CPU.Build.0 = Release|Any CPU
		{15C0208C-F7D7-4457-AB1D-94FA47D1BC5B}.Release|x64.ActiveCfg = Release|Any CPU
		{15C0208C-F7D7-4457-AB1D-94FA47D1BC5B}.Release|x64.Build.0 = Release|Any CPU
		{15C0208C-F7D7-4457-AB1D-94FA47D1BC5B}.Release|x86.ActiveCfg = Release|Any CPU
		{15C0208C-F7D7-4457-AB1D-94FA47D1BC5B}.Release|x86.Build.0 = Release|Any CPU
		{5F7F021D-2982-477B-80A6-25F2E5AFC7E5}.Debug|Any CPU.ActiveCfg = Debug|Any CPU
		{5F7F021D-2982-477B-80A6-25F2E5AFC7E5}.Debug|Any CPU.Build.0 = Debug|Any CPU
		{5F7F021D-2982-477B-80A6-25F2E5AFC7E5}.Debug|x64.ActiveCfg = Debug|Any CPU
		{5F7F021D-2982-477B-80A6-25F2E5AFC7E5}.Debug|x64.Build.0 = Debug|Any CPU
		{5F7F021D-2982-477B-80A6-25F2E5AFC7E5}.Debug|x86.ActiveCfg = Debug|Any CPU
		{5F7F021D-2982-477B-80A6-25F2E5AFC7E5}.Debug|x86.Build.0 = Debug|Any CPU
		{5F7F021D-2982-477B-80A6-25F2E5AFC7E5}.Release|Any CPU.ActiveCfg = Release|Any CPU
		{5F7F021D-2982-477B-80A6-25F2E5AFC7E5}.Release|Any CPU.Build.0 = Release|Any CPU
		{5F7F021D-2982-477B-80A6-25F2E5AFC7E5}.Release|x64.ActiveCfg = Release|Any CPU
		{5F7F021D-2982-477B-80A6-25F2E5AFC7E5}.Release|x64.Build.0 = Release|Any CPU
		{5F7F021D-2982-477B-80A6-25F2E5AFC7E5}.Release|x86.ActiveCfg = Release|Any CPU
		{5F7F021D-2982-477B-80A6-25F2E5AFC7E5}.Release|x86.Build.0 = Release|Any CPU
		{FABD50C1-6836-4B65-9448-98ED605123E6}.Debug|Any CPU.ActiveCfg = Debug|Any CPU
		{FABD50C1-6836-4B65-9448-98ED605123E6}.Debug|Any CPU.Build.0 = Debug|Any CPU
		{FABD50C1-6836-4B65-9448-98ED605123E6}.Debug|x64.ActiveCfg = Debug|Any CPU
		{FABD50C1-6836-4B65-9448-98ED605123E6}.Debug|x64.Build.0 = Debug|Any CPU
		{FABD50C1-6836-4B65-9448-98ED605123E6}.Debug|x86.ActiveCfg = Debug|Any CPU
		{FABD50C1-6836-4B65-9448-98ED605123E6}.Debug|x86.Build.0 = Debug|Any CPU
		{FABD50C1-6836-4B65-9448-98ED605123E6}.Release|Any CPU.ActiveCfg = Release|Any CPU
		{FABD50C1-6836-4B65-9448-98ED605123E6}.Release|Any CPU.Build.0 = Release|Any CPU
		{FABD50C1-6836-4B65-9448-98ED605123E6}.Release|x64.ActiveCfg = Release|Any CPU
		{FABD50C1-6836-4B65-9448-98ED605123E6}.Release|x64.Build.0 = Release|Any CPU
		{FABD50C1-6836-4B65-9448-98ED605123E6}.Release|x86.ActiveCfg = Release|Any CPU
		{FABD50C1-6836-4B65-9448-98ED605123E6}.Release|x86.Build.0 = Release|Any CPU
		{A60B4ADF-90AC-42E7-9D41-98D87482B64A}.Debug|Any CPU.ActiveCfg = Debug|Any CPU
		{A60B4ADF-90AC-42E7-9D41-98D87482B64A}.Debug|Any CPU.Build.0 = Debug|Any CPU
		{A60B4ADF-90AC-42E7-9D41-98D87482B64A}.Debug|x64.ActiveCfg = Debug|Any CPU
		{A60B4ADF-90AC-42E7-9D41-98D87482B64A}.Debug|x64.Build.0 = Debug|Any CPU
		{A60B4ADF-90AC-42E7-9D41-98D87482B64A}.Debug|x86.ActiveCfg = Debug|Any CPU
		{A60B4ADF-90AC-42E7-9D41-98D87482B64A}.Debug|x86.Build.0 = Debug|Any CPU
		{A60B4ADF-90AC-42E7-9D41-98D87482B64A}.Release|Any CPU.ActiveCfg = Release|Any CPU
		{A60B4ADF-90AC-42E7-9D41-98D87482B64A}.Release|Any CPU.Build.0 = Release|Any CPU
		{A60B4ADF-90AC-42E7-9D41-98D87482B64A}.Release|x64.ActiveCfg = Release|Any CPU
		{A60B4ADF-90AC-42E7-9D41-98D87482B64A}.Release|x64.Build.0 = Release|Any CPU
		{A60B4ADF-90AC-42E7-9D41-98D87482B64A}.Release|x86.ActiveCfg = Release|Any CPU
		{A60B4ADF-90AC-42E7-9D41-98D87482B64A}.Release|x86.Build.0 = Release|Any CPU
		{082BF3F2-07E7-4A1D-AB00-C5420FF06517}.Debug|Any CPU.ActiveCfg = Debug|Any CPU
		{082BF3F2-07E7-4A1D-AB00-C5420FF06517}.Debug|Any CPU.Build.0 = Debug|Any CPU
		{082BF3F2-07E7-4A1D-AB00-C5420FF06517}.Debug|x64.ActiveCfg = Debug|Any CPU
		{082BF3F2-07E7-4A1D-AB00-C5420FF06517}.Debug|x64.Build.0 = Debug|Any CPU
		{082BF3F2-07E7-4A1D-AB00-C5420FF06517}.Debug|x86.ActiveCfg = Debug|Any CPU
		{082BF3F2-07E7-4A1D-AB00-C5420FF06517}.Debug|x86.Build.0 = Debug|Any CPU
		{082BF3F2-07E7-4A1D-AB00-C5420FF06517}.Release|Any CPU.ActiveCfg = Release|Any CPU
		{082BF3F2-07E7-4A1D-AB00-C5420FF06517}.Release|Any CPU.Build.0 = Release|Any CPU
		{082BF3F2-07E7-4A1D-AB00-C5420FF06517}.Release|x64.ActiveCfg = Release|Any CPU
		{082BF3F2-07E7-4A1D-AB00-C5420FF06517}.Release|x64.Build.0 = Release|Any CPU
		{082BF3F2-07E7-4A1D-AB00-C5420FF06517}.Release|x86.ActiveCfg = Release|Any CPU
		{082BF3F2-07E7-4A1D-AB00-C5420FF06517}.Release|x86.Build.0 = Release|Any CPU
		{8647923B-E5E2-45AF-91F6-87F3687285A5}.Debug|Any CPU.ActiveCfg = Debug|Any CPU
		{8647923B-E5E2-45AF-91F6-87F3687285A5}.Debug|Any CPU.Build.0 = Debug|Any CPU
		{8647923B-E5E2-45AF-91F6-87F3687285A5}.Debug|x64.ActiveCfg = Debug|Any CPU
		{8647923B-E5E2-45AF-91F6-87F3687285A5}.Debug|x64.Build.0 = Debug|Any CPU
		{8647923B-E5E2-45AF-91F6-87F3687285A5}.Debug|x86.ActiveCfg = Debug|Any CPU
		{8647923B-E5E2-45AF-91F6-87F3687285A5}.Debug|x86.Build.0 = Debug|Any CPU
		{8647923B-E5E2-45AF-91F6-87F3687285A5}.Release|Any CPU.ActiveCfg = Release|Any CPU
		{8647923B-E5E2-45AF-91F6-87F3687285A5}.Release|Any CPU.Build.0 = Release|Any CPU
		{8647923B-E5E2-45AF-91F6-87F3687285A5}.Release|x64.ActiveCfg = Release|Any CPU
		{8647923B-E5E2-45AF-91F6-87F3687285A5}.Release|x64.Build.0 = Release|Any CPU
		{8647923B-E5E2-45AF-91F6-87F3687285A5}.Release|x86.ActiveCfg = Release|Any CPU
		{8647923B-E5E2-45AF-91F6-87F3687285A5}.Release|x86.Build.0 = Release|Any CPU
		{0959942E-479F-406B-8162-495C72AA1054}.Debug|Any CPU.ActiveCfg = Debug|Any CPU
		{0959942E-479F-406B-8162-495C72AA1054}.Debug|Any CPU.Build.0 = Debug|Any CPU
		{0959942E-479F-406B-8162-495C72AA1054}.Debug|x64.ActiveCfg = Debug|Any CPU
		{0959942E-479F-406B-8162-495C72AA1054}.Debug|x64.Build.0 = Debug|Any CPU
		{0959942E-479F-406B-8162-495C72AA1054}.Debug|x86.ActiveCfg = Debug|Any CPU
		{0959942E-479F-406B-8162-495C72AA1054}.Debug|x86.Build.0 = Debug|Any CPU
		{0959942E-479F-406B-8162-495C72AA1054}.Release|Any CPU.ActiveCfg = Release|Any CPU
		{0959942E-479F-406B-8162-495C72AA1054}.Release|Any CPU.Build.0 = Release|Any CPU
		{0959942E-479F-406B-8162-495C72AA1054}.Release|x64.ActiveCfg = Release|Any CPU
		{0959942E-479F-406B-8162-495C72AA1054}.Release|x64.Build.0 = Release|Any CPU
		{0959942E-479F-406B-8162-495C72AA1054}.Release|x86.ActiveCfg = Release|Any CPU
		{0959942E-479F-406B-8162-495C72AA1054}.Release|x86.Build.0 = Release|Any CPU
	EndGlobalSection
	GlobalSection(SolutionProperties) = preSolution
		HideSolutionNode = FALSE
	EndGlobalSection
	GlobalSection(NestedProjects) = preSolution
		{0FF4AEAA-755F-4885-B229-694837DAB923} = {827E0CD3-B72D-47B6-A68D-7590B98EB39B}
		{715828DF-60BC-4022-908E-18A965B7B52E} = {827E0CD3-B72D-47B6-A68D-7590B98EB39B}
		{00F98648-C27D-4216-A859-5148E61D6922} = {827E0CD3-B72D-47B6-A68D-7590B98EB39B}
		{15C0208C-F7D7-4457-AB1D-94FA47D1BC5B} = {827E0CD3-B72D-47B6-A68D-7590B98EB39B}
		{5F7F021D-2982-477B-80A6-25F2E5AFC7E5} = {0AB3BF05-4346-4AA6-1389-037BE0695223}
		{FABD50C1-6836-4B65-9448-98ED605123E6} = {827E0CD3-B72D-47B6-A68D-7590B98EB39B}
		{A60B4ADF-90AC-42E7-9D41-98D87482B64A} = {827E0CD3-B72D-47B6-A68D-7590B98EB39B}
		{082BF3F2-07E7-4A1D-AB00-C5420FF06517} = {827E0CD3-B72D-47B6-A68D-7590B98EB39B}
		{8647923B-E5E2-45AF-91F6-87F3687285A5} = {827E0CD3-B72D-47B6-A68D-7590B98EB39B}
		{0959942E-479F-406B-8162-495C72AA1054} = {0AB3BF05-4346-4AA6-1389-037BE0695223}
	EndGlobalSection
EndGlobal
